
Microsoft Visual Studio Solution File, Format Version 12.00
# Visual Studio Version 16
VisualStudioVersion = 16.0.30204.135
MinimumVisualStudioVersion = 10.0.40219.1
Project("{9A19103F-16F7-4668-BE54-9A1E7A4F7556}") = "InMemoryApp.Web", "InMemoryApp.Web\InMemoryApp.Web.csproj", "{EF093C27-1320-43AB-B8BB-F16C2E440333}"
EndProject
Project("{FAE04EC0-301F-11D3-BF4B-00C04F79EFBC}") = "DistributedCachedRedisApp.Web", "DistributedCachedRedisApp.Web\DistributedCachedRedisApp.Web.csproj", "{70BD5700-86E9-4E0F-BCD1-A3646EA46011}"
EndProject
Global
	GlobalSection(SolutionConfigurationPlatforms) = preSolution
		Debug|Any CPU = Debug|Any CPU
		Release|Any CPU = Release|Any CPU
	EndGlobalSection
	GlobalSection(ProjectConfigurationPlatforms) = postSolution
		{EF093C27-1320-43AB-B8BB-F16C2E440333}.Debug|Any CPU.ActiveCfg = Debug|Any CPU
		{EF093C27-1320-43AB-B8BB-F16C2E440333}.Debug|Any CPU.Build.0 = Debug|Any CPU
		{EF093C27-1320-43AB-B8BB-F16C2E440333}.Release|Any CPU.ActiveCfg = Release|Any CPU
		{EF093C27-1320-43AB-B8BB-F16C2E440333}.Release|Any CPU.Build.0 = Release|Any CPU
		{70BD5700-86E9-4E0F-BCD1-A3646EA46011}.Debug|Any CPU.ActiveCfg = Debug|Any CPU
		{70BD5700-86E9-4E0F-BCD1-A3646EA46011}.Debug|Any CPU.Build.0 = Debug|Any CPU
		{70BD5700-86E9-4E0F-BCD1-A3646EA46011}.Release|Any CPU.ActiveCfg = Release|Any CPU
		{70BD5700-86E9-4E0F-BCD1-A3646EA46011}.Release|Any CPU.Build.0 = Release|Any CPU
	EndGlobalSection
	GlobalSection(SolutionProperties) = preSolution
		HideSolutionNode = FALSE
	EndGlobalSection
	GlobalSection(ExtensibilityGlobals) = postSolution
		SolutionGuid = {75DC360A-3961-41BE-A6A0-6251DDF7A1B9}
	EndGlobalSection
EndGlobal
